{
  "name": "sdk",
  "version": "1.0.0",
  "lockfileVersion": 1,
  "requires": true,
  "dependencies": {
    "@ethersproject/abi": {
      "version": "5.2.0",
      "resolved": "https://registry.nlark.com/@ethersproject/abi/download/@ethersproject/abi-5.2.0.tgz",
      "integrity": "sha1-4soLf347g+TUJ+2LOP3BxI4rsA8=",
      "requires": {
        "@ethersproject/address": "^5.2.0",
        "@ethersproject/bignumber": "^5.2.0",
        "@ethersproject/bytes": "^5.2.0",
        "@ethersproject/constants": "^5.2.0",
        "@ethersproject/hash": "^5.2.0",
        "@ethersproject/keccak256": "^5.2.0",
        "@ethersproject/logger": "^5.2.0",
        "@ethersproject/properties": "^5.2.0",
        "@ethersproject/strings": "^5.2.0"
      }
    },
    "@ethersproject/abstract-provider": {
      "version": "5.2.0",
      "resolved": "https://registry.nlark.com/@ethersproject/abstract-provider/download/@ethersproject/abstract-provider-5.2.0.tgz",
      "integrity": "sha1-tcJLFi8Rm10kFzje2VVRhgE6p30=",
      "requires": {
        "@ethersproject/bignumber": "^5.2.0",
        "@ethersproject/bytes": "^5.2.0",
        "@ethersproject/logger": "^5.2.0",
        "@ethersproject/networks": "^5.2.0",
        "@ethersproject/properties": "^5.2.0",
        "@ethersproject/transactions": "^5.2.0",
        "@ethersproject/web": "^5.2.0"
      }
    },
    "@ethersproject/abstract-signer": {
      "version": "5.2.0",
      "resolved": "https://registry.nlark.com/@ethersproject/abstract-signer/download/@ethersproject/abstract-signer-5.2.0.tgz",
      "integrity": "sha1-jikftlWLQZD7Pi/kQKn/0JKi9Fk=",
      "requires": {
        "@ethersproject/abstract-provider": "^5.2.0",
        "@ethersproject/bignumber": "^5.2.0",
        "@ethersproject/bytes": "^5.2.0",
        "@ethersproject/logger": "^5.2.0",
        "@ethersproject/properties": "^5.2.0"
      }
    },
    "@ethersproject/address": {
      "version": "5.2.0",
      "resolved": "https://registry.nlark.com/@ethersproject/address/download/@ethersproject/address-5.2.0.tgz",
      "integrity": "sha1-r8+pLbhFgvVKYKnaNhzqSq5FCmk=",
      "requires": {
        "@ethersproject/bignumber": "^5.2.0",
        "@ethersproject/bytes": "^5.2.0",
        "@ethersproject/keccak256": "^5.2.0",
        "@ethersproject/logger": "^5.2.0",
        "@ethersproject/rlp": "^5.2.0"
      }
    },
    "@ethersproject/base64": {
      "version": "5.2.0",
      "resolved": "https://registry.nlark.com/@ethersproject/base64/download/@ethersproject/base64-5.2.0.tgz",
      "integrity": "sha1-4BBm0l5bTooFFUUWO+5d70e9lTQ=",
      "requires": {
        "@ethersproject/bytes": "^5.2.0"
      }
    },
    "@ethersproject/basex": {
      "version": "5.2.0",
      "resolved": "https://registry.nlark.com/@ethersproject/basex/download/@ethersproject/basex-5.2.0.tgz",
      "integrity": "sha1-+SEDnjvf2rjFp7qLIegcg/wauYs=",
      "requires": {
        "@ethersproject/bytes": "^5.2.0",
        "@ethersproject/properties": "^5.2.0"
      }
    },
    "@ethersproject/bignumber": {
      "version": "5.2.0",
      "resolved": "https://registry.nlark.com/@ethersproject/bignumber/download/@ethersproject/bignumber-5.2.0.tgz",
      "integrity": "sha1-A/kep0DFrbb4xqLpG7TuX/r/VQM=",
      "requires": {
        "@ethersproject/bytes": "^5.2.0",
        "@ethersproject/logger": "^5.2.0",
        "bn.js": "^4.4.0"
      }
    },
    "@ethersproject/bytes": {
      "version": "5.2.0",
      "resolved": "https://registry.nlark.com/@ethersproject/bytes/download/@ethersproject/bytes-5.2.0.tgz",
      "integrity": "sha1-MnkX1aFgD5L9Kp2kBS+m2XRYMTI=",
      "requires": {
        "@ethersproject/logger": "^5.2.0"
      }
    },
    "@ethersproject/constants": {
      "version": "5.2.0",
      "resolved": "https://registry.nlark.com/@ethersproject/constants/download/@ethersproject/constants-5.2.0.tgz",
      "integrity": "sha1-zOp4zjJfeKv+c1g5fAPuxXBRjZI=",
      "requires": {
        "@ethersproject/bignumber": "^5.2.0"
      }
    },
    "@ethersproject/contracts": {
      "version": "5.2.0",
      "resolved": "https://registry.nlark.com/@ethersproject/contracts/download/@ethersproject/contracts-5.2.0.tgz",
      "integrity": "sha1-9U4S7EoyPyv5PDOANIOcxt/B40c=",
      "requires": {
        "@ethersproject/abi": "^5.2.0",
        "@ethersproject/abstract-provider": "^5.2.0",
        "@ethersproject/abstract-signer": "^5.2.0",
        "@ethersproject/address": "^5.2.0",
        "@ethersproject/bignumber": "^5.2.0",
        "@ethersproject/bytes": "^5.2.0",
        "@ethersproject/constants": "^5.2.0",
        "@ethersproject/logger": "^5.2.0",
        "@ethersproject/properties": "^5.2.0",
        "@ethersproject/transactions": "^5.2.0"
      }
    },
    "@ethersproject/hash": {
      "version": "5.2.0",
      "resolved": "https://registry.nlark.com/@ethersproject/hash/download/@ethersproject/hash-5.2.0.tgz",
      "integrity": "sha1-LSGQHq/Fvbc4tK2WvuNk03Hscks=",
      "requires": {
        "@ethersproject/abstract-signer": "^5.2.0",
        "@ethersproject/address": "^5.2.0",
        "@ethersproject/bignumber": "^5.2.0",
        "@ethersproject/bytes": "^5.2.0",
        "@ethersproject/keccak256": "^5.2.0",
        "@ethersproject/logger": "^5.2.0",
        "@ethersproject/properties": "^5.2.0",
        "@ethersproject/strings": "^5.2.0"
      }
    },
    "@ethersproject/hdnode": {
      "version": "5.2.0",
      "resolved": "https://registry.nlark.com/@ethersproject/hdnode/download/@ethersproject/hdnode-5.2.0.tgz",
      "integrity": "sha1-7+qbL3E+VapbojzGK0qsbQjc+lM=",
      "requires": {
        "@ethersproject/abstract-signer": "^5.2.0",
        "@ethersproject/basex": "^5.2.0",
        "@ethersproject/bignumber": "^5.2.0",
        "@ethersproject/bytes": "^5.2.0",
        "@ethersproject/logger": "^5.2.0",
        "@ethersproject/pbkdf2": "^5.2.0",
        "@ethersproject/properties": "^5.2.0",
        "@ethersproject/sha2": "^5.2.0",
        "@ethersproject/signing-key": "^5.2.0",
        "@ethersproject/strings": "^5.2.0",
        "@ethersproject/transactions": "^5.2.0",
        "@ethersproject/wordlists": "^5.2.0"
      }
    },
    "@ethersproject/json-wallets": {
      "version": "5.2.0",
      "resolved": "https://registry.nlark.com/@ethersproject/json-wallets/download/@ethersproject/json-wallets-5.2.0.tgz",
      "integrity": "sha1-1Bx8OeTSNrWG4m4hRbCaxJ3FZgg=",
      "requires": {
        "@ethersproject/abstract-signer": "^5.2.0",
        "@ethersproject/address": "^5.2.0",
        "@ethersproject/bytes": "^5.2.0",
        "@ethersproject/hdnode": "^5.2.0",
        "@ethersproject/keccak256": "^5.2.0",
        "@ethersproject/logger": "^5.2.0",
        "@ethersproject/pbkdf2": "^5.2.0",
        "@ethersproject/properties": "^5.2.0",
        "@ethersproject/random": "^5.2.0",
        "@ethersproject/strings": "^5.2.0",
        "@ethersproject/transactions": "^5.2.0",
        "aes-js": "3.0.0",
        "scrypt-js": "3.0.1"
      }
    },
    "@ethersproject/keccak256": {
      "version": "5.2.0",
      "resolved": "https://registry.nlark.com/@ethersproject/keccak256/download/@ethersproject/keccak256-5.2.0.tgz",
      "integrity": "sha1-FSV4YoB8I/JKMgnRAW0yLcqFpGQ=",
      "requires": {
        "@ethersproject/bytes": "^5.2.0",
        "js-sha3": "0.5.7"
      }
    },
    "@ethersproject/logger": {
      "version": "5.2.0",
      "resolved": "https://registry.nlark.com/@ethersproject/logger/download/@ethersproject/logger-5.2.0.tgz",
      "integrity": "sha1-rM9TSCUfeLbIiRr2f0JJCk6k5a4="
    },
    "@ethersproject/networks": {
      "version": "5.2.0",
      "resolved": "https://registry.nlark.com/@ethersproject/networks/download/@ethersproject/networks-5.2.0.tgz",
      "integrity": "sha1-ZsI8asR33XA2RbLJcayELYuKpSQ=",
      "requires": {
        "@ethersproject/logger": "^5.2.0"
      }
    },
    "@ethersproject/pbkdf2": {
      "version": "5.2.0",
      "resolved": "https://registry.nlark.com/@ethersproject/pbkdf2/download/@ethersproject/pbkdf2-5.2.0.tgz",
      "integrity": "sha1-gWanpyOKX9HZu26yAA/qDxn93gY=",
      "requires": {
        "@ethersproject/bytes": "^5.2.0",
        "@ethersproject/sha2": "^5.2.0"
      }
    },
    "@ethersproject/properties": {
      "version": "5.2.0",
      "resolved": "https://registry.nlark.com/@ethersproject/properties/download/@ethersproject/properties-5.2.0.tgz",
      "integrity": "sha1-j63zZ/esc1cBnQIkqlebI0xUWsE=",
      "requires": {
        "@ethersproject/logger": "^5.2.0"
      }
    },
    "@ethersproject/providers": {
      "version": "5.2.0",
      "resolved": "https://registry.nlark.com/@ethersproject/providers/download/@ethersproject/providers-5.2.0.tgz",
      "integrity": "sha1-svPjsspFZ8g3JUPOtvPG46I3B4M=",
      "requires": {
        "@ethersproject/abstract-provider": "^5.2.0",
        "@ethersproject/abstract-signer": "^5.2.0",
        "@ethersproject/address": "^5.2.0",
        "@ethersproject/basex": "^5.2.0",
        "@ethersproject/bignumber": "^5.2.0",
        "@ethersproject/bytes": "^5.2.0",
        "@ethersproject/constants": "^5.2.0",
        "@ethersproject/hash": "^5.2.0",
        "@ethersproject/logger": "^5.2.0",
        "@ethersproject/networks": "^5.2.0",
        "@ethersproject/properties": "^5.2.0",
        "@ethersproject/random": "^5.2.0",
        "@ethersproject/rlp": "^5.2.0",
        "@ethersproject/sha2": "^5.2.0",
        "@ethersproject/strings": "^5.2.0",
        "@ethersproject/transactions": "^5.2.0",
        "@ethersproject/web": "^5.2.0",
        "bech32": "1.1.4",
        "ws": "7.2.3"
      }
    },
    "@ethersproject/random": {
      "version": "5.2.0",
      "resolved": "https://registry.nlark.com/@ethersproject/random/download/@ethersproject/random-5.2.0.tgz",
      "integrity": "sha1-HX4Z8X2I7aViKKJjBjgmgp5J7r4=",
      "requires": {
        "@ethersproject/bytes": "^5.2.0",
        "@ethersproject/logger": "^5.2.0"
      }
    },
    "@ethersproject/rlp": {
      "version": "5.2.0",
      "resolved": "https://registry.nlark.com/@ethersproject/rlp/download/@ethersproject/rlp-5.2.0.tgz",
      "integrity": "sha1-u/YFGDgYqdlr3EAyPXNMeeJs+so=",
      "requires": {
        "@ethersproject/bytes": "^5.2.0",
        "@ethersproject/logger": "^5.2.0"
      }
    },
    "@ethersproject/sha2": {
      "version": "5.2.0",
      "resolved": "https://registry.nlark.com/@ethersproject/sha2/download/@ethersproject/sha2-5.2.0.tgz",
      "integrity": "sha1-rhj6bAnG2Z+itWTaxydrzVE8FXk=",
      "requires": {
        "@ethersproject/bytes": "^5.2.0",
        "@ethersproject/logger": "^5.2.0",
        "hash.js": "1.1.3"
      },
      "dependencies": {
        "hash.js": {
          "version": "1.1.3",
          "resolved": "https://registry.npm.taobao.org/hash.js/download/hash.js-1.1.3.tgz",
          "integrity": "sha1-NA3tvmKQGHFRweodd3o0SJNd+EY=",
          "requires": {
            "inherits": "^2.0.3",
            "minimalistic-assert": "^1.0.0"
          }
        }
      }
    },
    "@ethersproject/signing-key": {
      "version": "5.2.0",
      "resolved": "https://registry.nlark.com/@ethersproject/signing-key/download/@ethersproject/signing-key-5.2.0.tgz",
      "integrity": "sha1-6OsQ08D0pXVHnbjXDGKq+TzThNE=",
      "requires": {
        "@ethersproject/bytes": "^5.2.0",
        "@ethersproject/logger": "^5.2.0",
        "@ethersproject/properties": "^5.2.0",
        "bn.js": "^4.4.0",
        "elliptic": "6.5.4"
      }
    },
    "@ethersproject/solidity": {
      "version": "5.2.0",
      "resolved": "https://registry.nlark.com/@ethersproject/solidity/download/@ethersproject/solidity-5.2.0.tgz",
      "integrity": "sha1-rJAtj4sRv1j9N8z3c5IXjLvQsI8=",
      "requires": {
        "@ethersproject/bignumber": "^5.2.0",
        "@ethersproject/bytes": "^5.2.0",
        "@ethersproject/keccak256": "^5.2.0",
        "@ethersproject/sha2": "^5.2.0",
        "@ethersproject/strings": "^5.2.0"
      }
    },
    "@ethersproject/strings": {
      "version": "5.2.0",
      "resolved": "https://registry.nlark.com/@ethersproject/strings/download/@ethersproject/strings-5.2.0.tgz",
      "integrity": "sha1-6T2YmFlYcZHD9kvaEk2d7bw/Wpc=",
      "requires": {
        "@ethersproject/bytes": "^5.2.0",
        "@ethersproject/constants": "^5.2.0",
        "@ethersproject/logger": "^5.2.0"
      }
    },
    "@ethersproject/transactions": {
      "version": "5.2.0",
      "resolved": "https://registry.nlark.com/@ethersproject/transactions/download/@ethersproject/transactions-5.2.0.tgz",
      "integrity": "sha1-BS4u+Pit9wN+vkzEeq0qYZUOZJE=",
      "requires": {
        "@ethersproject/address": "^5.2.0",
        "@ethersproject/bignumber": "^5.2.0",
        "@ethersproject/bytes": "^5.2.0",
        "@ethersproject/constants": "^5.2.0",
        "@ethersproject/keccak256": "^5.2.0",
        "@ethersproject/logger": "^5.2.0",
        "@ethersproject/properties": "^5.2.0",
        "@ethersproject/rlp": "^5.2.0",
        "@ethersproject/signing-key": "^5.2.0"
      }
    },
    "@ethersproject/units": {
      "version": "5.2.0",
      "resolved": "https://registry.nlark.com/@ethersproject/units/download/@ethersproject/units-5.2.0.tgz",
      "integrity": "sha1-CGQ+XUWD7MGjKxA8EVf3roCAM5I=",
      "requires": {
        "@ethersproject/bignumber": "^5.2.0",
        "@ethersproject/constants": "^5.2.0",
        "@ethersproject/logger": "^5.2.0"
      }
    },
    "@ethersproject/wallet": {
      "version": "5.2.0",
      "resolved": "https://registry.nlark.com/@ethersproject/wallet/download/@ethersproject/wallet-5.2.0.tgz",
      "integrity": "sha1-tahAZnYGfjT2M1NqTLU8L/mMC1w=",
      "requires": {
        "@ethersproject/abstract-provider": "^5.2.0",
        "@ethersproject/abstract-signer": "^5.2.0",
        "@ethersproject/address": "^5.2.0",
        "@ethersproject/bignumber": "^5.2.0",
        "@ethersproject/bytes": "^5.2.0",
        "@ethersproject/hash": "^5.2.0",
        "@ethersproject/hdnode": "^5.2.0",
        "@ethersproject/json-wallets": "^5.2.0",
        "@ethersproject/keccak256": "^5.2.0",
        "@ethersproject/logger": "^5.2.0",
        "@ethersproject/properties": "^5.2.0",
        "@ethersproject/random": "^5.2.0",
        "@ethersproject/signing-key": "^5.2.0",
        "@ethersproject/transactions": "^5.2.0",
        "@ethersproject/wordlists": "^5.2.0"
      }
    },
    "@ethersproject/web": {
      "version": "5.2.0",
      "resolved": "https://registry.nlark.com/@ethersproject/web/download/@ethersproject/web-5.2.0.tgz",
      "integrity": "sha1-R9jhUuf8wHugr/T5n94mj9553Xo=",
      "requires": {
        "@ethersproject/base64": "^5.2.0",
        "@ethersproject/bytes": "^5.2.0",
        "@ethersproject/logger": "^5.2.0",
        "@ethersproject/properties": "^5.2.0",
        "@ethersproject/strings": "^5.2.0"
      }
    },
    "@ethersproject/wordlists": {
      "version": "5.2.0",
      "resolved": "https://registry.nlark.com/@ethersproject/wordlists/download/@ethersproject/wordlists-5.2.0.tgz",
      "integrity": "sha1-r8zgIp6e9krxv4oellcfpEHp9EQ=",
      "requires": {
        "@ethersproject/bytes": "^5.2.0",
        "@ethersproject/hash": "^5.2.0",
        "@ethersproject/logger": "^5.2.0",
        "@ethersproject/properties": "^5.2.0",
        "@ethersproject/strings": "^5.2.0"
      }
    },
    "aes-js": {
      "version": "3.0.0",
      "resolved": "https://registry.npm.taobao.org/aes-js/download/aes-js-3.0.0.tgz",
      "integrity": "sha1-4h3xCtbCBTKVvLuNq0Cwnb6ofk0="
    },
    "base64-js": {
      "version": "1.5.1",
      "resolved": "https://registry.npm.taobao.org/base64-js/download/base64-js-1.5.1.tgz",
      "integrity": "sha1-GxtEAWClv3rUC2UPCVljSBkDkwo="
    },
    "bech32": {
      "version": "1.1.4",
      "resolved": "https://registry.npm.taobao.org/bech32/download/bech32-1.1.4.tgz",
      "integrity": "sha1-44yfN78Xm46xauOncrQMNW1IMuk="
    },
    "bn.js": {
      "version": "4.12.0",
      "resolved": "https://registry.npm.taobao.org/bn.js/download/bn.js-4.12.0.tgz",
      "integrity": "sha1-d1s/J477uXGO7HNh9IP7Nvu/6og="
    },
    "brorand": {
      "version": "1.1.0",
      "resolved": "https://registry.npm.taobao.org/brorand/download/brorand-1.1.0.tgz",
      "integrity": "sha1-EsJe/kCkXjwyPrhnWgoM5XsiNx8="
    },
    "buffer": {
      "version": "6.0.3",
      "resolved": "https://registry.npm.taobao.org/buffer/download/buffer-6.0.3.tgz",
      "integrity": "sha1-Ks5XhFnMj74qcKqo9S7mO2p0xsY=",
      "requires": {
        "base64-js": "^1.3.1",
        "ieee754": "^1.2.1"
      }
    },
    "elliptic": {
      "version": "6.5.4",
      "resolved": "https://registry.npm.taobao.org/elliptic/download/elliptic-6.5.4.tgz?cache=0&sync_timestamp=1612290637117&other_urls=https%3A%2F%2Fregistry.npm.taobao.org%2Felliptic%2Fdownload%2Felliptic-6.5.4.tgz",
      "integrity": "sha1-2jfOvTHnmhNn6UG1ku0fvr1Yq7s=",
      "requires": {
        "bn.js": "^4.11.9",
        "brorand": "^1.1.0",
        "hash.js": "^1.0.0",
        "hmac-drbg": "^1.0.1",
        "inherits": "^2.0.4",
        "minimalistic-assert": "^1.0.1",
        "minimalistic-crypto-utils": "^1.0.1"
      }
    },
    "esbuild": {
      "version": "0.12.3",
      "resolved": "https://registry.nlark.com/esbuild/download/esbuild-0.12.3.tgz?cache=0&other_urls=https%3A%2F%2Fregistry.nlark.com%2Fesbuild%2Fdownload%2Fesbuild-0.12.3.tgz",
      "integrity": "sha1-nZeOiqcAA0w+MxbkffHBQu8pCnI="
    },
    "ethers": {
      "version": "5.2.0",
      "resolved": "https://registry.nlark.com/ethers/download/ethers-5.2.0.tgz",
      "integrity": "sha1-E0UuNZR6tddwUyhtH3Fh7mZshbo=",
      "requires": {
        "@ethersproject/abi": "5.2.0",
        "@ethersproject/abstract-provider": "5.2.0",
        "@ethersproject/abstract-signer": "5.2.0",
        "@ethersproject/address": "5.2.0",
        "@ethersproject/base64": "5.2.0",
        "@ethersproject/basex": "5.2.0",
        "@ethersproject/bignumber": "5.2.0",
        "@ethersproject/bytes": "5.2.0",
        "@ethersproject/constants": "5.2.0",
        "@ethersproject/contracts": "5.2.0",
        "@ethersproject/hash": "5.2.0",
        "@ethersproject/hdnode": "5.2.0",
        "@ethersproject/json-wallets": "5.2.0",
        "@ethersproject/keccak256": "5.2.0",
        "@ethersproject/logger": "5.2.0",
        "@ethersproject/networks": "5.2.0",
        "@ethersproject/pbkdf2": "5.2.0",
        "@ethersproject/properties": "5.2.0",
        "@ethersproject/providers": "5.2.0",
        "@ethersproject/random": "5.2.0",
        "@ethersproject/rlp": "5.2.0",
        "@ethersproject/sha2": "5.2.0",
        "@ethersproject/signing-key": "5.2.0",
        "@ethersproject/solidity": "5.2.0",
        "@ethersproject/strings": "5.2.0",
        "@ethersproject/transactions": "5.2.0",
        "@ethersproject/units": "5.2.0",
        "@ethersproject/wallet": "5.2.0",
        "@ethersproject/web": "5.2.0",
        "@ethersproject/wordlists": "5.2.0"
      }
    },
    "hash.js": {
      "version": "1.1.7",
      "resolved": "https://registry.npm.taobao.org/hash.js/download/hash.js-1.1.7.tgz",
      "integrity": "sha1-C6vKU46NTuSg+JiNaIZlN6ADz0I=",
      "requires": {
        "inherits": "^2.0.3",
        "minimalistic-assert": "^1.0.1"
      }
    },
    "hmac-drbg": {
      "version": "1.0.1",
      "resolved": "https://registry.npm.taobao.org/hmac-drbg/download/hmac-drbg-1.0.1.tgz",
      "integrity": "sha1-0nRXAQJabHdabFRXk+1QL8DGSaE=",
      "requires": {
        "hash.js": "^1.0.3",
        "minimalistic-assert": "^1.0.0",
        "minimalistic-crypto-utils": "^1.0.1"
      }
    },
    "idna-uts46-hx": {
      "version": "3.4.0",
      "resolved": "https://registry.npm.taobao.org/idna-uts46-hx/download/idna-uts46-hx-3.4.0.tgz",
      "integrity": "sha1-qjgOfATWvOT14m2nQsYT6imW9HA=",
      "requires": {
        "punycode": "^2.1.1"
      }
    },
    "ieee754": {
      "version": "1.2.1",
      "resolved": "https://registry.npm.taobao.org/ieee754/download/ieee754-1.2.1.tgz?cache=0&sync_timestamp=1603838209136&other_urls=https%3A%2F%2Fregistry.npm.taobao.org%2Fieee754%2Fdownload%2Fieee754-1.2.1.tgz",
      "integrity": "sha1-jrehCmP/8l0VpXsAFYbRd9Gw01I="
    },
    "inherits": {
      "version": "2.0.4",
      "resolved": "https://registry.npm.taobao.org/inherits/download/inherits-2.0.4.tgz",
      "integrity": "sha1-D6LGT5MpF8NDOg3tVTY6rjdBa3w="
    },
    "js-sha3": {
      "version": "0.5.7",
      "resolved": "https://registry.npm.taobao.org/js-sha3/download/js-sha3-0.5.7.tgz",
      "integrity": "sha1-DU/9gALVMzqrr0oj7tL2N0yfKOc="
    },
    "minimalistic-assert": {
      "version": "1.0.1",
      "resolved": "https://registry.npm.taobao.org/minimalistic-assert/download/minimalistic-assert-1.0.1.tgz",
      "integrity": "sha1-LhlN4ERibUoQ5/f7wAznPoPk1cc="
    },
    "minimalistic-crypto-utils": {
      "version": "1.0.1",
      "resolved": "https://registry.npm.taobao.org/minimalistic-crypto-utils/download/minimalistic-crypto-utils-1.0.1.tgz",
      "integrity": "sha1-9sAMHAsIIkblxNmd+4x8CDsrWCo="
    },
    "punycode": {
      "version": "2.1.1",
      "resolved": "https://registry.npm.taobao.org/punycode/download/punycode-2.1.1.tgz",
      "integrity": "sha1-tYsBCsQMIsVldhbI0sLALHv0eew="
    },
    "scrypt-js": {
      "version": "3.0.1",
      "resolved": "https://registry.npm.taobao.org/scrypt-js/download/scrypt-js-3.0.1.tgz",
      "integrity": "sha1-0xSlfCrvadGtmKE4oh/p6vqe4xI="
    },
    "ws": {
      "version": "7.2.3",
      "resolved": "https://registry.npm.taobao.org/ws/download/ws-7.2.3.tgz?cache=0&sync_timestamp=1618734170256&other_urls=https%3A%2F%2Fregistry.npm.taobao.org%2Fws%2Fdownload%2Fws-7.2.3.tgz",
      "integrity": "sha1-pUEeH7BNXtDv7nbSbVxG2DDDm0Y="
    }
  }
}
