# THIS IS AN AUTOGENERATED FILE. DO NOT EDIT THIS FILE DIRECTLY.
# yarn lockfile v1


"@babel/runtime@^7.15.3", "@babel/runtime@^7.15.4":
  version "7.15.4"
  resolved "https://registry.nlark.com/@babel/runtime/download/@babel/runtime-7.15.4.tgz#fd17d16bfdf878e6dd02d19753a39fa8a8d9c84a"
  integrity sha1-/RfRa/34eObdAtGXU6OfqKjZyEo=
  dependencies:
    regenerator-runtime "^0.13.4"

"@ethersproject/abi@5.4.1", "@ethersproject/abi@^5.4.0":
  version "5.4.1"
  resolved "https://registry.nlark.com/@ethersproject/abi/download/@ethersproject/abi-5.4.1.tgz#6ac28fafc9ef6f5a7a37e30356a2eb31fa05d39b"
  integrity sha1-asKPr8nvb1p6N+MDVqLrMfoF05s=
  dependencies:
    "@ethersproject/address" "^5.4.0"
    "@ethersproject/bignumber" "^5.4.0"
    "@ethersproject/bytes" "^5.4.0"
    "@ethersproject/constants" "^5.4.0"
    "@ethersproject/hash" "^5.4.0"
    "@ethersproject/keccak256" "^5.4.0"
    "@ethersproject/logger" "^5.4.0"
    "@ethersproject/properties" "^5.4.0"
    "@ethersproject/strings" "^5.4.0"

"@ethersproject/abstract-provider@5.4.1", "@ethersproject/abstract-provider@^5.4.0":
  version "5.4.1"
  resolved "https://registry.nlark.com/@ethersproject/abstract-provider/download/@ethersproject/abstract-provider-5.4.1.tgz#e404309a29f771bd4d28dbafadcaa184668c2a6e"
  integrity sha1-5AQwmin3cb1NKNuvrcqhhGaMKm4=
  dependencies:
    "@ethersproject/bignumber" "^5.4.0"
    "@ethersproject/bytes" "^5.4.0"
    "@ethersproject/logger" "^5.4.0"
    "@ethersproject/networks" "^5.4.0"
    "@ethersproject/properties" "^5.4.0"
    "@ethersproject/transactions" "^5.4.0"
    "@ethersproject/web" "^5.4.0"

"@ethersproject/abstract-signer@5.4.1", "@ethersproject/abstract-signer@^5.4.0":
  version "5.4.1"
  resolved "https://registry.nlark.com/@ethersproject/abstract-signer/download/@ethersproject/abstract-signer-5.4.1.tgz#e4e9abcf4dd4f1ba0db7dff9746a5f78f355ea81"
  integrity sha1-5Omrz03U8boNt9/5dGpfePNV6oE=
  dependencies:
    "@ethersproject/abstract-provider" "^5.4.0"
    "@ethersproject/bignumber" "^5.4.0"
    "@ethersproject/bytes" "^5.4.0"
    "@ethersproject/logger" "^5.4.0"
    "@ethersproject/properties" "^5.4.0"

"@ethersproject/address@5.4.0", "@ethersproject/address@^5.4.0":
  version "5.4.0"
  resolved "https://registry.nlark.com/@ethersproject/address/download/@ethersproject/address-5.4.0.tgz#ba2d00a0f8c4c0854933b963b9a3a9f6eb4a37a3"
  integrity sha1-ui0AoPjEwIVJM7ljuaOp9utKN6M=
  dependencies:
    "@ethersproject/bignumber" "^5.4.0"
    "@ethersproject/bytes" "^5.4.0"
    "@ethersproject/keccak256" "^5.4.0"
    "@ethersproject/logger" "^5.4.0"
    "@ethersproject/rlp" "^5.4.0"

"@ethersproject/base64@5.4.0", "@ethersproject/base64@^5.4.0":
  version "5.4.0"
  resolved "https://registry.nlark.com/@ethersproject/base64/download/@ethersproject/base64-5.4.0.tgz#7252bf65295954c9048c7ca5f43e5c86441b2a9a"
  integrity sha1-clK/ZSlZVMkEjHyl9D5chkQbKpo=
  dependencies:
    "@ethersproject/bytes" "^5.4.0"

"@ethersproject/basex@5.4.0", "@ethersproject/basex@^5.4.0":
  version "5.4.0"
  resolved "https://registry.nlark.com/@ethersproject/basex/download/@ethersproject/basex-5.4.0.tgz#0a2da0f4e76c504a94f2b21d3161ed9438c7f8a6"
  integrity sha1-Ci2g9OdsUEqU8rIdMWHtlDjH+KY=
  dependencies:
    "@ethersproject/bytes" "^5.4.0"
    "@ethersproject/properties" "^5.4.0"

"@ethersproject/bignumber@5.4.2", "@ethersproject/bignumber@^5.4.0":
  version "5.4.2"
  resolved "https://registry.nlark.com/@ethersproject/bignumber/download/@ethersproject/bignumber-5.4.2.tgz#44232e015ae4ce82ac034de549eb3583c71283d8"
  integrity sha1-RCMuAVrkzoKsA03lSes1g8cSg9g=
  dependencies:
    "@ethersproject/bytes" "^5.4.0"
    "@ethersproject/logger" "^5.4.0"
    bn.js "^4.11.9"

"@ethersproject/bytes@5.4.0", "@ethersproject/bytes@^5.4.0":
  version "5.4.0"
  resolved "https://registry.nlark.com/@ethersproject/bytes/download/@ethersproject/bytes-5.4.0.tgz#56fa32ce3bf67153756dbaefda921d1d4774404e"
  integrity sha1-Vvoyzjv2cVN1bbrv2pIdHUd0QE4=
  dependencies:
    "@ethersproject/logger" "^5.4.0"

"@ethersproject/constants@5.4.0", "@ethersproject/constants@^5.4.0":
  version "5.4.0"
  resolved "https://registry.nlark.com/@ethersproject/constants/download/@ethersproject/constants-5.4.0.tgz#ee0bdcb30bf1b532d2353c977bf2ef1ee117958a"
  integrity sha1-7gvcswvxtTLSNTyXe/LvHuEXlYo=
  dependencies:
    "@ethersproject/bignumber" "^5.4.0"

"@ethersproject/contracts@5.4.1":
  version "5.4.1"
  resolved "https://registry.nlark.com/@ethersproject/contracts/download/@ethersproject/contracts-5.4.1.tgz#3eb4f35b7fe60a962a75804ada2746494df3e470"
  integrity sha1-PrTzW3/mCpYqdYBK2idGSU3z5HA=
  dependencies:
    "@ethersproject/abi" "^5.4.0"
    "@ethersproject/abstract-provider" "^5.4.0"
    "@ethersproject/abstract-signer" "^5.4.0"
    "@ethersproject/address" "^5.4.0"
    "@ethersproject/bignumber" "^5.4.0"
    "@ethersproject/bytes" "^5.4.0"
    "@ethersproject/constants" "^5.4.0"
    "@ethersproject/logger" "^5.4.0"
    "@ethersproject/properties" "^5.4.0"
    "@ethersproject/transactions" "^5.4.0"

"@ethersproject/hash@5.4.0", "@ethersproject/hash@^5.4.0":
  version "5.4.0"
  resolved "https://registry.nlark.com/@ethersproject/hash/download/@ethersproject/hash-5.4.0.tgz#d18a8e927e828e22860a011f39e429d388344ae0"
  integrity sha1-0YqOkn6CjiKGCgEfOeQp04g0SuA=
  dependencies:
    "@ethersproject/abstract-signer" "^5.4.0"
    "@ethersproject/address" "^5.4.0"
    "@ethersproject/bignumber" "^5.4.0"
    "@ethersproject/bytes" "^5.4.0"
    "@ethersproject/keccak256" "^5.4.0"
    "@ethersproject/logger" "^5.4.0"
    "@ethersproject/properties" "^5.4.0"
    "@ethersproject/strings" "^5.4.0"

"@ethersproject/hdnode@5.4.0", "@ethersproject/hdnode@^5.4.0":
  version "5.4.0"
  resolved "https://registry.nlark.com/@ethersproject/hdnode/download/@ethersproject/hdnode-5.4.0.tgz#4bc9999b9a12eb5ce80c5faa83114a57e4107cac"
  integrity sha1-S8mZm5oS61zoDF+qgxFKV+QQfKw=
  dependencies:
    "@ethersproject/abstract-signer" "^5.4.0"
    "@ethersproject/basex" "^5.4.0"
    "@ethersproject/bignumber" "^5.4.0"
    "@ethersproject/bytes" "^5.4.0"
    "@ethersproject/logger" "^5.4.0"
    "@ethersproject/pbkdf2" "^5.4.0"
    "@ethersproject/properties" "^5.4.0"
    "@ethersproject/sha2" "^5.4.0"
    "@ethersproject/signing-key" "^5.4.0"
    "@ethersproject/strings" "^5.4.0"
    "@ethersproject/transactions" "^5.4.0"
    "@ethersproject/wordlists" "^5.4.0"

"@ethersproject/json-wallets@5.4.0", "@ethersproject/json-wallets@^5.4.0":
  version "5.4.0"
  resolved "https://registry.nlark.com/@ethersproject/json-wallets/download/@ethersproject/json-wallets-5.4.0.tgz#2583341cfe313fc9856642e8ace3080154145e95"
  integrity sha1-JYM0HP4xP8mFZkLorOMIAVQUXpU=
  dependencies:
    "@ethersproject/abstract-signer" "^5.4.0"
    "@ethersproject/address" "^5.4.0"
    "@ethersproject/bytes" "^5.4.0"
    "@ethersproject/hdnode" "^5.4.0"
    "@ethersproject/keccak256" "^5.4.0"
    "@ethersproject/logger" "^5.4.0"
    "@ethersproject/pbkdf2" "^5.4.0"
    "@ethersproject/properties" "^5.4.0"
    "@ethersproject/random" "^5.4.0"
    "@ethersproject/strings" "^5.4.0"
    "@ethersproject/transactions" "^5.4.0"
    aes-js "3.0.0"
    scrypt-js "3.0.1"

"@ethersproject/keccak256@5.4.0", "@ethersproject/keccak256@^5.4.0":
  version "5.4.0"
  resolved "https://registry.nlark.com/@ethersproject/keccak256/download/@ethersproject/keccak256-5.4.0.tgz#7143b8eea4976080241d2bd92e3b1f1bf7025318"
  integrity sha1-cUO47qSXYIAkHSvZLjsfG/cCUxg=
  dependencies:
    "@ethersproject/bytes" "^5.4.0"
    js-sha3 "0.5.7"

"@ethersproject/logger@5.4.1", "@ethersproject/logger@^5.4.0":
  version "5.4.1"
  resolved "https://registry.nlark.com/@ethersproject/logger/download/@ethersproject/logger-5.4.1.tgz#503bd33683538b923c578c07d1c2c0dd18672054"
  integrity sha1-UDvTNoNTi5I8V4wH0cLA3RhnIFQ=

"@ethersproject/networks@5.4.2", "@ethersproject/networks@^5.4.0":
  version "5.4.2"
  resolved "https://registry.nlark.com/@ethersproject/networks/download/@ethersproject/networks-5.4.2.tgz#2247d977626e97e2c3b8ee73cd2457babde0ce35"
  integrity sha1-IkfZd2Jul+LDuO5zzSRXur3gzjU=
  dependencies:
    "@ethersproject/logger" "^5.4.0"

"@ethersproject/pbkdf2@5.4.0", "@ethersproject/pbkdf2@^5.4.0":
  version "5.4.0"
  resolved "https://registry.nlark.com/@ethersproject/pbkdf2/download/@ethersproject/pbkdf2-5.4.0.tgz#ed88782a67fda1594c22d60d0ca911a9d669641c"
  integrity sha1-7Yh4Kmf9oVlMItYNDKkRqdZpZBw=
  dependencies:
    "@ethersproject/bytes" "^5.4.0"
    "@ethersproject/sha2" "^5.4.0"

"@ethersproject/properties@5.4.1", "@ethersproject/properties@^5.4.0":
  version "5.4.1"
  resolved "https://registry.nlark.com/@ethersproject/properties/download/@ethersproject/properties-5.4.1.tgz#9f051f976ce790142c6261ccb7b826eaae1f2f36"
  integrity sha1-nwUfl2znkBQsYmHMt7gm6q4fLzY=
  dependencies:
    "@ethersproject/logger" "^5.4.0"

"@ethersproject/providers@5.4.5":
  version "5.4.5"
  resolved "https://registry.nlark.com/@ethersproject/providers/download/@ethersproject/providers-5.4.5.tgz#eb2ea2a743a8115f79604a8157233a3a2c832928"
  integrity sha1-6y6ip0OoEV95YEqBVyM6OiyDKSg=
  dependencies:
    "@ethersproject/abstract-provider" "^5.4.0"
    "@ethersproject/abstract-signer" "^5.4.0"
    "@ethersproject/address" "^5.4.0"
    "@ethersproject/basex" "^5.4.0"
    "@ethersproject/bignumber" "^5.4.0"
    "@ethersproject/bytes" "^5.4.0"
    "@ethersproject/constants" "^5.4.0"
    "@ethersproject/hash" "^5.4.0"
    "@ethersproject/logger" "^5.4.0"
    "@ethersproject/networks" "^5.4.0"
    "@ethersproject/properties" "^5.4.0"
    "@ethersproject/random" "^5.4.0"
    "@ethersproject/rlp" "^5.4.0"
    "@ethersproject/sha2" "^5.4.0"
    "@ethersproject/strings" "^5.4.0"
    "@ethersproject/transactions" "^5.4.0"
    "@ethersproject/web" "^5.4.0"
    bech32 "1.1.4"
    ws "7.4.6"

"@ethersproject/random@5.4.0", "@ethersproject/random@^5.4.0":
  version "5.4.0"
  resolved "https://registry.nlark.com/@ethersproject/random/download/@ethersproject/random-5.4.0.tgz#9cdde60e160d024be39cc16f8de3b9ce39191e16"
  integrity sha1-nN3mDhYNAkvjnMFvjeO5zjkZHhY=
  dependencies:
    "@ethersproject/bytes" "^5.4.0"
    "@ethersproject/logger" "^5.4.0"

"@ethersproject/rlp@5.4.0", "@ethersproject/rlp@^5.4.0":
  version "5.4.0"
  resolved "https://registry.nlark.com/@ethersproject/rlp/download/@ethersproject/rlp-5.4.0.tgz#de61afda5ff979454e76d3b3310a6c32ad060931"
  integrity sha1-3mGv2l/5eUVOdtOzMQpsMq0GCTE=
  dependencies:
    "@ethersproject/bytes" "^5.4.0"
    "@ethersproject/logger" "^5.4.0"

"@ethersproject/sha2@5.4.0", "@ethersproject/sha2@^5.4.0":
  version "5.4.0"
  resolved "https://registry.nlark.com/@ethersproject/sha2/download/@ethersproject/sha2-5.4.0.tgz#c9a8db1037014cbc4e9482bd662f86c090440371"
  integrity sha1-yajbEDcBTLxOlIK9Zi+GwJBEA3E=
  dependencies:
    "@ethersproject/bytes" "^5.4.0"
    "@ethersproject/logger" "^5.4.0"
    hash.js "1.1.7"

"@ethersproject/signing-key@5.4.0", "@ethersproject/signing-key@^5.4.0":
  version "5.4.0"
  resolved "https://registry.nlark.com/@ethersproject/signing-key/download/@ethersproject/signing-key-5.4.0.tgz#2f05120984e81cf89a3d5f6dec5c68ee0894fbec"
  integrity sha1-LwUSCYToHPiaPV9t7Fxo7giU++w=
  dependencies:
    "@ethersproject/bytes" "^5.4.0"
    "@ethersproject/logger" "^5.4.0"
    "@ethersproject/properties" "^5.4.0"
    bn.js "^4.11.9"
    elliptic "6.5.4"
    hash.js "1.1.7"

"@ethersproject/solidity@5.4.0":
  version "5.4.0"
  resolved "https://registry.nlark.com/@ethersproject/solidity/download/@ethersproject/solidity-5.4.0.tgz#1305e058ea02dc4891df18b33232b11a14ece9ec"
  integrity sha1-EwXgWOoC3EiR3xizMjKxGhTs6ew=
  dependencies:
    "@ethersproject/bignumber" "^5.4.0"
    "@ethersproject/bytes" "^5.4.0"
    "@ethersproject/keccak256" "^5.4.0"
    "@ethersproject/sha2" "^5.4.0"
    "@ethersproject/strings" "^5.4.0"

"@ethersproject/strings@5.4.0", "@ethersproject/strings@^5.4.0":
  version "5.4.0"
  resolved "https://registry.nlark.com/@ethersproject/strings/download/@ethersproject/strings-5.4.0.tgz#fb12270132dd84b02906a8d895ae7e7fa3d07d9a"
  integrity sha1-+xInATLdhLApBqjYla5+f6PQfZo=
  dependencies:
    "@ethersproject/bytes" "^5.4.0"
    "@ethersproject/constants" "^5.4.0"
    "@ethersproject/logger" "^5.4.0"

"@ethersproject/transactions@5.4.0", "@ethersproject/transactions@^5.4.0":
  version "5.4.0"
  resolved "https://registry.nlark.com/@ethersproject/transactions/download/@ethersproject/transactions-5.4.0.tgz#a159d035179334bd92f340ce0f77e83e9e1522e0"
  integrity sha1-oVnQNReTNL2S80DOD3foPp4VIuA=
  dependencies:
    "@ethersproject/address" "^5.4.0"
    "@ethersproject/bignumber" "^5.4.0"
    "@ethersproject/bytes" "^5.4.0"
    "@ethersproject/constants" "^5.4.0"
    "@ethersproject/keccak256" "^5.4.0"
    "@ethersproject/logger" "^5.4.0"
    "@ethersproject/properties" "^5.4.0"
    "@ethersproject/rlp" "^5.4.0"
    "@ethersproject/signing-key" "^5.4.0"

"@ethersproject/units@5.4.0":
  version "5.4.0"
  resolved "https://registry.nlark.com/@ethersproject/units/download/@ethersproject/units-5.4.0.tgz#d57477a4498b14b88b10396062c8cbbaf20c79fe"
  integrity sha1-1XR3pEmLFLiLEDlgYsjLuvIMef4=
  dependencies:
    "@ethersproject/bignumber" "^5.4.0"
    "@ethersproject/constants" "^5.4.0"
    "@ethersproject/logger" "^5.4.0"

"@ethersproject/wallet@5.4.0":
  version "5.4.0"
  resolved "https://registry.nlark.com/@ethersproject/wallet/download/@ethersproject/wallet-5.4.0.tgz#fa5b59830b42e9be56eadd45a16a2e0933ad9353"
  integrity sha1-+ltZgwtC6b5W6t1FoWouCTOtk1M=
  dependencies:
    "@ethersproject/abstract-provider" "^5.4.0"
    "@ethersproject/abstract-signer" "^5.4.0"
    "@ethersproject/address" "^5.4.0"
    "@ethersproject/bignumber" "^5.4.0"
    "@ethersproject/bytes" "^5.4.0"
    "@ethersproject/hash" "^5.4.0"
    "@ethersproject/hdnode" "^5.4.0"
    "@ethersproject/json-wallets" "^5.4.0"
    "@ethersproject/keccak256" "^5.4.0"
    "@ethersproject/logger" "^5.4.0"
    "@ethersproject/properties" "^5.4.0"
    "@ethersproject/random" "^5.4.0"
    "@ethersproject/signing-key" "^5.4.0"
    "@ethersproject/transactions" "^5.4.0"
    "@ethersproject/wordlists" "^5.4.0"

"@ethersproject/web@5.4.0", "@ethersproject/web@^5.4.0":
  version "5.4.0"
  resolved "https://registry.nlark.com/@ethersproject/web/download/@ethersproject/web-5.4.0.tgz#49fac173b96992334ed36a175538ba07a7413d1f"
  integrity sha1-SfrBc7lpkjNO02oXVTi6B6dBPR8=
  dependencies:
    "@ethersproject/base64" "^5.4.0"
    "@ethersproject/bytes" "^5.4.0"
    "@ethersproject/logger" "^5.4.0"
    "@ethersproject/properties" "^5.4.0"
    "@ethersproject/strings" "^5.4.0"

"@ethersproject/wordlists@5.4.0", "@ethersproject/wordlists@^5.4.0":
  version "5.4.0"
  resolved "https://registry.nlark.com/@ethersproject/wordlists/download/@ethersproject/wordlists-5.4.0.tgz#f34205ec3bbc9e2c49cadaee774cf0b07e7573d7"
  integrity sha1-80IF7Du8nixJytrud0zwsH51c9c=
  dependencies:
    "@ethersproject/bytes" "^5.4.0"
    "@ethersproject/hash" "^5.4.0"
    "@ethersproject/logger" "^5.4.0"
    "@ethersproject/properties" "^5.4.0"
    "@ethersproject/strings" "^5.4.0"

"@polkadot/keyring@^7.4.1":
  version "7.4.1"
  resolved "https://registry.npmmirror.com/@polkadot/keyring/download/@polkadot/keyring-7.4.1.tgz#cda3f371cc2a9bf4b8847bad41c4c14edfb05745"
  integrity sha1-zaPzccwqm/S4hHutQcTBTt+wV0U=
  dependencies:
    "@babel/runtime" "^7.15.4"
    "@polkadot/util" "7.4.1"
    "@polkadot/util-crypto" "7.4.1"

"@polkadot/networks@7.4.1":
  version "7.4.1"
  resolved "https://registry.npmmirror.com/@polkadot/networks/download/@polkadot/networks-7.4.1.tgz#02b4a1a159e64b90a08d0f3a0206858b64846a3b"
  integrity sha1-ArShoVnmS5CgjQ86AgaFi2SEajs=
  dependencies:
    "@babel/runtime" "^7.15.4"

"@polkadot/util-crypto@7.4.1":
  version "7.4.1"
  resolved "https://registry.npmmirror.com/@polkadot/util-crypto/download/@polkadot/util-crypto-7.4.1.tgz#76760df995e9feb7deef69d85cab6c13e9ceb977"
  integrity sha1-dnYN+ZXp/rfe72nYXKtsE+nOuXc=
  dependencies:
    "@babel/runtime" "^7.15.4"
    "@polkadot/networks" "7.4.1"
    "@polkadot/util" "7.4.1"
    "@polkadot/wasm-crypto" "^4.2.1"
    "@polkadot/x-randomvalues" "7.4.1"
    base-x "^3.0.8"
    base64-js "^1.5.1"
    blakejs "^1.1.1"
    bn.js "^4.12.0"
    create-hash "^1.2.0"
    ed2curve "^0.3.0"
    elliptic "^6.5.4"
    hash.js "^1.1.7"
    js-sha3 "^0.8.0"
    scryptsy "^2.1.0"
    tweetnacl "^1.0.3"
    xxhashjs "^0.2.2"

"@polkadot/util@7.4.1":
  version "7.4.1"
  resolved "https://registry.npmmirror.com/@polkadot/util/download/@polkadot/util-7.4.1.tgz#f5aa9b60e5ca5c5b8f0d188beb7cbd47dd6c4041"
  integrity sha1-9aqbYOXKXFuPDRiL63y9R91sQEE=
  dependencies:
    "@babel/runtime" "^7.15.4"
    "@polkadot/x-textdecoder" "7.4.1"
    "@polkadot/x-textencoder" "7.4.1"
    "@types/bn.js" "^4.11.6"
    bn.js "^4.12.0"
    camelcase "^6.2.0"
    ip-regex "^4.3.0"

"@polkadot/wasm-crypto-asmjs@^4.2.1":
  version "4.2.1"
  resolved "https://registry.npmmirror.com/@polkadot/wasm-crypto-asmjs/download/@polkadot/wasm-crypto-asmjs-4.2.1.tgz#6b7eae1c011709f8042dfd30872a5fc5e9e021c0"
  integrity sha1-a36uHAEXCfgELf0whypfxengIcA=
  dependencies:
    "@babel/runtime" "^7.15.3"

"@polkadot/wasm-crypto-wasm@^4.2.1":
  version "4.2.1"
  resolved "https://registry.npmmirror.com/@polkadot/wasm-crypto-wasm/download/@polkadot/wasm-crypto-wasm-4.2.1.tgz#2a86f9b405e7195c3f523798c6ce4afffd19737e"
  integrity sha1-Kob5tAXnGVw/UjeYxs5K//0Zc34=
  dependencies:
    "@babel/runtime" "^7.15.3"

"@polkadot/wasm-crypto@^4.2.1":
  version "4.2.1"
  resolved "https://registry.npmmirror.com/@polkadot/wasm-crypto/download/@polkadot/wasm-crypto-4.2.1.tgz#4d09402f5ac71a90962fb58cbe4b1707772a4fb6"
  integrity sha1-TQlAL1rHGpCWL7WMvksXB3cqT7Y=
  dependencies:
    "@babel/runtime" "^7.15.3"
    "@polkadot/wasm-crypto-asmjs" "^4.2.1"
    "@polkadot/wasm-crypto-wasm" "^4.2.1"

"@polkadot/x-global@7.4.1":
  version "7.4.1"
  resolved "https://registry.npmmirror.com/@polkadot/x-global/download/@polkadot/x-global-7.4.1.tgz#66f7f8a5d0208832773a4606c56d10e7927552fc"
  integrity sha1-Zvf4pdAgiDJ3OkYGxW0Q55J1Uvw=
  dependencies:
    "@babel/runtime" "^7.15.4"

"@polkadot/x-randomvalues@7.4.1":
  version "7.4.1"
  resolved "https://registry.npmmirror.com/@polkadot/x-randomvalues/download/@polkadot/x-randomvalues-7.4.1.tgz#e48d6c7fa869f5f871b2d18aa8b864c9802e9aeb"
  integrity sha1-5I1sf6hp9fhxstGKqLhkyYAumus=
  dependencies:
    "@babel/runtime" "^7.15.4"
    "@polkadot/x-global" "7.4.1"

"@polkadot/x-textdecoder@7.4.1":
  version "7.4.1"
  resolved "https://registry.npmmirror.com/@polkadot/x-textdecoder/download/@polkadot/x-textdecoder-7.4.1.tgz#e0e0bc375d5aa7fad8929a7ea1c279884c57ad26"
  integrity sha1-4OC8N11ap/rYkpp+ocJ5iExXrSY=
  dependencies:
    "@babel/runtime" "^7.15.4"
    "@polkadot/x-global" "7.4.1"

"@polkadot/x-textencoder@7.4.1":
  version "7.4.1"
  resolved "https://registry.npmmirror.com/@polkadot/x-textencoder/download/@polkadot/x-textencoder-7.4.1.tgz#0411213c6ab3f6f80af074f49ed12174c3e28775"
  integrity sha1-BBEhPGqz9vgK8HT0ntEhdMPih3U=
  dependencies:
    "@babel/runtime" "^7.15.4"
    "@polkadot/x-global" "7.4.1"

"@types/bn.js@^4.11.6":
  version "4.11.6"
  resolved "https://registry.nlark.com/@types/bn.js/download/@types/bn.js-4.11.6.tgz#c306c70d9358aaea33cd4eda092a742b9505967c"
  integrity sha1-wwbHDZNYquozzU7aCSp0K5UFlnw=
  dependencies:
    "@types/node" "*"

"@types/node@*":
  version "16.10.9"
  resolved "https://registry.npmmirror.com/@types/node/download/@types/node-16.10.9.tgz?cache=0&sync_timestamp=1634160966230&other_urls=https%3A%2F%2Fregistry.npmmirror.com%2F%40types%2Fnode%2Fdownload%2F%40types%2Fnode-16.10.9.tgz#8f1cdd517972f76a3b928298f4c0747cd6fef25a"
  integrity sha1-jxzdUXly92o7koKY9MB0fNb+8lo=

"@types/node@^15.12.1":
  version "15.14.9"
  resolved "https://registry.npmmirror.com/@types/node/download/@types/node-15.14.9.tgz?cache=0&sync_timestamp=1634160966230&other_urls=https%3A%2F%2Fregistry.npmmirror.com%2F%40types%2Fnode%2Fdownload%2F%40types%2Fnode-15.14.9.tgz#bc43c990c3c9be7281868bbc7b8fdd6e2b57adfa"
  integrity sha1-vEPJkMPJvnKBhou8e4/dbitXrfo=

aes-js@3.0.0:
  version "3.0.0"
  resolved "https://registry.nlark.com/aes-js/download/aes-js-3.0.0.tgz#e21df10ad6c2053295bcbb8dab40b09dbea87e4d"
  integrity sha1-4h3xCtbCBTKVvLuNq0Cwnb6ofk0=

base-x@^3.0.2, base-x@^3.0.8:
  version "3.0.8"
  resolved "https://registry.npm.taobao.org/base-x/download/base-x-3.0.8.tgz#1e1106c2537f0162e8b52474a557ebb09000018d"
  integrity sha1-HhEGwlN/AWLotSR0pVfrsJAAAY0=
  dependencies:
    safe-buffer "^5.0.1"

base64-js@^1.3.1, base64-js@^1.5.1:
  version "1.5.1"
  resolved "https://registry.nlark.com/base64-js/download/base64-js-1.5.1.tgz#1b1b440160a5bf7ad40b650f095963481903930a"
  integrity sha1-GxtEAWClv3rUC2UPCVljSBkDkwo=

bech32@1.1.4:
  version "1.1.4"
  resolved "https://registry.nlark.com/bech32/download/bech32-1.1.4.tgz#e38c9f37bf179b8eb16ae3a772b40c356d4832e9"
  integrity sha1-44yfN78Xm46xauOncrQMNW1IMuk=

blakejs@^1.1.1:
  version "1.1.1"
  resolved "https://registry.nlark.com/blakejs/download/blakejs-1.1.1.tgz?cache=0&sync_timestamp=1624607951017&other_urls=https%3A%2F%2Fregistry.nlark.com%2Fblakejs%2Fdownload%2Fblakejs-1.1.1.tgz#bf313053978b2cd4c444a48795710be05c785702"
  integrity sha1-vzEwU5eLLNTERKSHlXEL4Fx4VwI=

bn.js@^4.11.9, bn.js@^4.12.0:
  version "4.12.0"
  resolved "https://registry.nlark.com/bn.js/download/bn.js-4.12.0.tgz#775b3f278efbb9718eec7361f483fb36fbbfea88"
  integrity sha1-d1s/J477uXGO7HNh9IP7Nvu/6og=

brorand@^1.1.0:
  version "1.1.0"
  resolved "https://registry.nlark.com/brorand/download/brorand-1.1.0.tgz#12c25efe40a45e3c323eb8675a0a0ce57b22371f"
  integrity sha1-EsJe/kCkXjwyPrhnWgoM5XsiNx8=

bs58@^4.0.1:
  version "4.0.1"
  resolved "https://registry.nlark.com/bs58/download/bs58-4.0.1.tgz#be161e76c354f6f788ae4071f63f34e8c4f0a42a"
  integrity sha1-vhYedsNU9veIrkBx9j806MTwpCo=
  dependencies:
    base-x "^3.0.2"

buffer@^5.5.0, buffer@^5.6.0:
  version "5.7.1"
  resolved "https://registry.nlark.com/buffer/download/buffer-5.7.1.tgz#ba62e7c13133053582197160851a8f648e99eed0"
  integrity sha1-umLnwTEzBTWCGXFghRqPZI6Z7tA=
  dependencies:
    base64-js "^1.3.1"
    ieee754 "^1.1.13"

buffer@^6.0.3:
  version "6.0.3"
  resolved "https://registry.nlark.com/buffer/download/buffer-6.0.3.tgz#2ace578459cc8fbe2a70aaa8f52ee63b6a74c6c6"
  integrity sha1-Ks5XhFnMj74qcKqo9S7mO2p0xsY=
  dependencies:
    base64-js "^1.3.1"
    ieee754 "^1.2.1"

camelcase@^6.2.0:
  version "6.2.0"
  resolved "https://registry.nlark.com/camelcase/download/camelcase-6.2.0.tgz#924af881c9d525ac9d87f40d964e5cea982a1809"
  integrity sha1-kkr4gcnVJaydh/QNlk5c6pgqGAk=

cids@^0.7.1:
  version "0.7.5"
  resolved "https://registry.nlark.com/cids/download/cids-0.7.5.tgz#60a08138a99bfb69b6be4ceb63bfef7a396b28b2"
  integrity sha1-YKCBOKmb+2m2vkzrY7/vejlrKLI=
  dependencies:
    buffer "^5.5.0"
    class-is "^1.1.0"
    multibase "~0.6.0"
    multicodec "^1.0.0"
    multihashes "~0.4.15"

cipher-base@^1.0.1:
  version "1.0.4"
  resolved "https://registry.npm.taobao.org/cipher-base/download/cipher-base-1.0.4.tgz#8760e4ecc272f4c363532f926d874aae2c1397de"
  integrity sha1-h2Dk7MJy9MNjUy+SbYdKriwTl94=
  dependencies:
    inherits "^2.0.1"
    safe-buffer "^5.0.1"

class-is@^1.1.0:
  version "1.1.0"
  resolved "https://registry.nlark.com/class-is/download/class-is-1.1.0.tgz#9d3c0fba0440d211d843cec3dedfa48055005825"
  integrity sha1-nTwPugRA0hHYQ87D3t+kgFUAWCU=

content-hash@^2.5.2:
  version "2.5.2"
  resolved "https://registry.nlark.com/content-hash/download/content-hash-2.5.2.tgz#bbc2655e7c21f14fd3bfc7b7d4bfe6e454c9e211"
  integrity sha1-u8JlXnwh8U/Tv8e31L/m5FTJ4hE=
  dependencies:
    cids "^0.7.1"
    multicodec "^0.5.5"
    multihashes "^0.4.15"

create-hash@^1.2.0:
  version "1.2.0"
  resolved "https://registry.npm.taobao.org/create-hash/download/create-hash-1.2.0.tgz#889078af11a63756bcfb59bd221996be3a9ef196"
  integrity sha1-iJB4rxGmN1a8+1m9IhmWvjqe8ZY=
  dependencies:
    cipher-base "^1.0.1"
    inherits "^2.0.1"
    md5.js "^1.3.4"
    ripemd160 "^2.0.1"
    sha.js "^2.4.0"

cuint@^0.2.2:
  version "0.2.2"
  resolved "https://registry.npm.taobao.org/cuint/download/cuint-0.2.2.tgz#408086d409550c2631155619e9fa7bcadc3b991b"
  integrity sha1-QICG1AlVDCYxFVYZ6fp7ytw7mRs=

ed2curve@^0.3.0:
  version "0.3.0"
  resolved "https://registry.nlark.com/ed2curve/download/ed2curve-0.3.0.tgz#322b575152a45305429d546b071823a93129a05d"
  integrity sha1-MitXUVKkUwVCnVRrBxgjqTEpoF0=
  dependencies:
    tweetnacl "1.x.x"

elliptic@6.5.4, elliptic@^6.5.4:
  version "6.5.4"
  resolved "https://registry.nlark.com/elliptic/download/elliptic-6.5.4.tgz#da37cebd31e79a1367e941b592ed1fbebd58abbb"
  integrity sha1-2jfOvTHnmhNn6UG1ku0fvr1Yq7s=
  dependencies:
    bn.js "^4.11.9"
    brorand "^1.1.0"
    hash.js "^1.0.0"
    hmac-drbg "^1.0.1"
    inherits "^2.0.4"
    minimalistic-assert "^1.0.1"
    minimalistic-crypto-utils "^1.0.1"

esbuild-android-arm64@0.13.6:
  version "0.13.6"
  resolved "https://registry.npmmirror.com/esbuild-android-arm64/download/esbuild-android-arm64-0.13.6.tgz?cache=0&sync_timestamp=1634186338492&other_urls=https%3A%2F%2Fregistry.npmmirror.com%2Fesbuild-android-arm64%2Fdownload%2Fesbuild-android-arm64-0.13.6.tgz#a109b4e5203e9ec144cadccdf18a5daf021423e5"
  integrity sha1-oQm05SA+nsFEytzN8YpdrwIUI+U=

esbuild-darwin-64@0.13.6:
  version "0.13.6"
  resolved "https://registry.npmmirror.com/esbuild-darwin-64/download/esbuild-darwin-64-0.13.6.tgz?cache=0&sync_timestamp=1634186336522&other_urls=https%3A%2F%2Fregistry.npmmirror.com%2Fesbuild-darwin-64%2Fdownload%2Fesbuild-darwin-64-0.13.6.tgz#1a00ef4d2b3b1fe9de28a5cf195df113d6461155"
  integrity sha1-GgDvTSs7H+neKKXPGV3xE9ZGEVU=

esbuild-darwin-arm64@0.13.6:
  version "0.13.6"
  resolved "https://registry.npmmirror.com/esbuild-darwin-arm64/download/esbuild-darwin-arm64-0.13.6.tgz?cache=0&sync_timestamp=1634186337078&other_urls=https%3A%2F%2Fregistry.npmmirror.com%2Fesbuild-darwin-arm64%2Fdownload%2Fesbuild-darwin-arm64-0.13.6.tgz#f48954d441059e2d06c1675ddcc25af00b164935"
  integrity sha1-9IlU1EEFni0GwWdd3MJa8AsWSTU=

esbuild-freebsd-64@0.13.6:
  version "0.13.6"
  resolved "https://registry.npmmirror.com/esbuild-freebsd-64/download/esbuild-freebsd-64-0.13.6.tgz?cache=0&sync_timestamp=1634186335664&other_urls=https%3A%2F%2Fregistry.npmmirror.com%2Fesbuild-freebsd-64%2Fdownload%2Fesbuild-freebsd-64-0.13.6.tgz#b3bfea7e21f0d80796220927118fc76170cac06f"
  integrity sha1-s7/qfiHw2AeWIgknEY/HYXDKwG8=

esbuild-freebsd-arm64@0.13.6:
  version "0.13.6"
  resolved "https://registry.npmmirror.com/esbuild-freebsd-arm64/download/esbuild-freebsd-arm64-0.13.6.tgz?cache=0&sync_timestamp=1634186335529&other_urls=https%3A%2F%2Fregistry.npmmirror.com%2Fesbuild-freebsd-arm64%2Fdownload%2Fesbuild-freebsd-arm64-0.13.6.tgz#e6f5777a85012457ada049fc6b1e3e2c36161514"
  integrity sha1-5vV3eoUBJFetoEn8ax4+LDYWFRQ=

esbuild-linux-32@0.13.6:
  version "0.13.6"
  resolved "https://registry.npmmirror.com/esbuild-linux-32/download/esbuild-linux-32-0.13.6.tgz?cache=0&sync_timestamp=1634186338014&other_urls=https%3A%2F%2Fregistry.npmmirror.com%2Fesbuild-linux-32%2Fdownload%2Fesbuild-linux-32-0.13.6.tgz#8b04058312a76faec6964b954f1f02ab32ce43fe"
  integrity sha1-iwQFgxKnb67GlkuVTx8CqzLOQ/4=

esbuild-linux-64@0.13.6:
  version "0.13.6"
  resolved "https://registry.npmmirror.com/esbuild-linux-64/download/esbuild-linux-64-0.13.6.tgz#554d8edfe3f791f8b26978eb173b2e13643442c0"
  integrity sha1-VU2O3+P3kfiyaXjrFzsuE2Q0QsA=

esbuild-linux-arm64@0.13.6:
  version "0.13.6"
  resolved "https://registry.npmmirror.com/esbuild-linux-arm64/download/esbuild-linux-arm64-0.13.6.tgz?cache=0&sync_timestamp=1634186341259&other_urls=https%3A%2F%2Fregistry.npmmirror.com%2Fesbuild-linux-arm64%2Fdownload%2Fesbuild-linux-arm64-0.13.6.tgz#2142fadbdbc0ebd52a166f956f0ecb1f6602112a"
  integrity sha1-IUL629vA69UqFm+Vbw7LH2YCESo=

esbuild-linux-arm@0.13.6:
  version "0.13.6"
  resolved "https://registry.npmmirror.com/esbuild-linux-arm/download/esbuild-linux-arm-0.13.6.tgz?cache=0&sync_timestamp=1634186338959&other_urls=https%3A%2F%2Fregistry.npmmirror.com%2Fesbuild-linux-arm%2Fdownload%2Fesbuild-linux-arm-0.13.6.tgz#ced8e35a94e0adbf134e5fa4e2b661f897e14b27"
  integrity sha1-ztjjWpTgrb8TTl+k4rZh+JfhSyc=

esbuild-linux-mips64le@0.13.6:
  version "0.13.6"
  resolved "https://registry.npmmirror.com/esbuild-linux-mips64le/download/esbuild-linux-mips64le-0.13.6.tgz#e5cbc050f5d44f8ecc0f79b1641bbad3919a2b3a"
  integrity sha1-5cvAUPXUT47MD3mxZBu605GaKzo=

esbuild-linux-ppc64le@0.13.6:
  version "0.13.6"
  resolved "https://registry.npmmirror.com/esbuild-linux-ppc64le/download/esbuild-linux-ppc64le-0.13.6.tgz#57868a7eb762c1d19fa6d367b09a4610f0cbf7ca"
  integrity sha1-V4aKfrdiwdGfptNnsJpGEPDL98o=

esbuild-netbsd-64@0.13.6:
  version "0.13.6"
  resolved "https://registry.npmmirror.com/esbuild-netbsd-64/download/esbuild-netbsd-64-0.13.6.tgz?cache=0&sync_timestamp=1634186343165&other_urls=https%3A%2F%2Fregistry.npmmirror.com%2Fesbuild-netbsd-64%2Fdownload%2Fesbuild-netbsd-64-0.13.6.tgz#1c5daa62571f1065e4a1100a1db5e488ef259024"
  integrity sha1-HF2qYlcfEGXkoRAKHbXkiO8lkCQ=

esbuild-openbsd-64@0.13.6:
  version "0.13.6"
  resolved "https://registry.npmmirror.com/esbuild-openbsd-64/download/esbuild-openbsd-64-0.13.6.tgz?cache=0&sync_timestamp=1634186335001&other_urls=https%3A%2F%2Fregistry.npmmirror.com%2Fesbuild-openbsd-64%2Fdownload%2Fesbuild-openbsd-64-0.13.6.tgz#315fd85970365835f6a1eb7b6e9335d59f772564"
  integrity sha1-MV/YWXA2WDX2oet7bpM11Z93JWQ=

esbuild-sunos-64@0.13.6:
  version "0.13.6"
  resolved "https://registry.npmmirror.com/esbuild-sunos-64/download/esbuild-sunos-64-0.13.6.tgz?cache=0&sync_timestamp=1634186337489&other_urls=https%3A%2F%2Fregistry.npmmirror.com%2Fesbuild-sunos-64%2Fdownload%2Fesbuild-sunos-64-0.13.6.tgz#8422eeb9f3712daa4befd19e5da6d7c9af9fc744"
  integrity sha1-hCLuufNxLapL79GeXabXya+fx0Q=

esbuild-windows-32@0.13.6:
  version "0.13.6"
  resolved "https://registry.npmmirror.com/esbuild-windows-32/download/esbuild-windows-32-0.13.6.tgz?cache=0&sync_timestamp=1634186333986&other_urls=https%3A%2F%2Fregistry.npmmirror.com%2Fesbuild-windows-32%2Fdownload%2Fesbuild-windows-32-0.13.6.tgz#694eb4768ee72219d3bc6415b1d3a0f843aea9ec"
  integrity sha1-aU60do7nIhnTvGQVsdOg+EOuqew=

esbuild-windows-64@0.13.6:
  version "0.13.6"
  resolved "https://registry.npmmirror.com/esbuild-windows-64/download/esbuild-windows-64-0.13.6.tgz#1adbf5367b08e735262f57098d19c07d0a2fec1c"
  integrity sha1-Gtv1NnsI5zUmL1cJjRnAfQov7Bw=

esbuild-windows-arm64@0.13.6:
  version "0.13.6"
  resolved "https://registry.npmmirror.com/esbuild-windows-arm64/download/esbuild-windows-arm64-0.13.6.tgz?cache=0&sync_timestamp=1634186332629&other_urls=https%3A%2F%2Fregistry.npmmirror.com%2Fesbuild-windows-arm64%2Fdownload%2Fesbuild-windows-arm64-0.13.6.tgz#9279083740ec90a2d638485c97b1d003771d685a"
  integrity sha1-knkIN0DskKLWOEhcl7HQA3cdaFo=

esbuild@^0.13.2:
  version "0.13.6"
  resolved "https://registry.npmmirror.com/esbuild/download/esbuild-0.13.6.tgz#b9be288108d47e814a6c8729e495dce0fddbf441"
  integrity sha1-ub4ogQjUfoFKbIcp5JXc4P3b9EE=
  optionalDependencies:
    esbuild-android-arm64 "0.13.6"
    esbuild-darwin-64 "0.13.6"
    esbuild-darwin-arm64 "0.13.6"
    esbuild-freebsd-64 "0.13.6"
    esbuild-freebsd-arm64 "0.13.6"
    esbuild-linux-32 "0.13.6"
    esbuild-linux-64 "0.13.6"
    esbuild-linux-arm "0.13.6"
    esbuild-linux-arm64 "0.13.6"
    esbuild-linux-mips64le "0.13.6"
    esbuild-linux-ppc64le "0.13.6"
    esbuild-netbsd-64 "0.13.6"
    esbuild-openbsd-64 "0.13.6"
    esbuild-sunos-64 "0.13.6"
    esbuild-windows-32 "0.13.6"
    esbuild-windows-64 "0.13.6"
    esbuild-windows-arm64 "0.13.6"

ethers@^5.4.7:
  version "5.4.7"
  resolved "https://registry.nlark.com/ethers/download/ethers-5.4.7.tgz#0fd491a5da7c9793de2d6058d76b41b1e7efba8f"
  integrity sha1-D9SRpdp8l5PeLWBY12tBsefvuo8=
  dependencies:
    "@ethersproject/abi" "5.4.1"
    "@ethersproject/abstract-provider" "5.4.1"
    "@ethersproject/abstract-signer" "5.4.1"
    "@ethersproject/address" "5.4.0"
    "@ethersproject/base64" "5.4.0"
    "@ethersproject/basex" "5.4.0"
    "@ethersproject/bignumber" "5.4.2"
    "@ethersproject/bytes" "5.4.0"
    "@ethersproject/constants" "5.4.0"
    "@ethersproject/contracts" "5.4.1"
    "@ethersproject/hash" "5.4.0"
    "@ethersproject/hdnode" "5.4.0"
    "@ethersproject/json-wallets" "5.4.0"
    "@ethersproject/keccak256" "5.4.0"
    "@ethersproject/logger" "5.4.1"
    "@ethersproject/networks" "5.4.2"
    "@ethersproject/pbkdf2" "5.4.0"
    "@ethersproject/properties" "5.4.1"
    "@ethersproject/providers" "5.4.5"
    "@ethersproject/random" "5.4.0"
    "@ethersproject/rlp" "5.4.0"
    "@ethersproject/sha2" "5.4.0"
    "@ethersproject/signing-key" "5.4.0"
    "@ethersproject/solidity" "5.4.0"
    "@ethersproject/strings" "5.4.0"
    "@ethersproject/transactions" "5.4.0"
    "@ethersproject/units" "5.4.0"
    "@ethersproject/wallet" "5.4.0"
    "@ethersproject/web" "5.4.0"
    "@ethersproject/wordlists" "5.4.0"

fsevents@~2.3.2:
  version "2.3.2"
  resolved "https://registry.nlark.com/fsevents/download/fsevents-2.3.2.tgz#8a526f78b8fdf4623b709e0b975c52c24c02fd1a"
  integrity sha1-ilJveLj99GI7cJ4Ll1xSwkwC/Ro=

function-bind@^1.1.1:
  version "1.1.1"
  resolved "https://registry.npm.taobao.org/function-bind/download/function-bind-1.1.1.tgz#a56899d3ea3c9bab874bb9773b7c5ede92f4895d"
  integrity sha1-pWiZ0+o8m6uHS7l3O3xe3pL0iV0=

has@^1.0.3:
  version "1.0.3"
  resolved "https://registry.nlark.com/has/download/has-1.0.3.tgz#722d7cbfc1f6aa8241f16dd814e011e1f41e8796"
  integrity sha1-ci18v8H2qoJB8W3YFOAR4fQeh5Y=
  dependencies:
    function-bind "^1.1.1"

hash-base@^3.0.0:
  version "3.1.0"
  resolved "https://registry.npm.taobao.org/hash-base/download/hash-base-3.1.0.tgz#55c381d9e06e1d2997a883b4a3fddfe7f0d3af33"
  integrity sha1-VcOB2eBuHSmXqIO0o/3f5/DTrzM=
  dependencies:
    inherits "^2.0.4"
    readable-stream "^3.6.0"
    safe-buffer "^5.2.0"

hash.js@1.1.7, hash.js@^1.0.0, hash.js@^1.0.3, hash.js@^1.1.7:
  version "1.1.7"
  resolved "https://registry.npm.taobao.org/hash.js/download/hash.js-1.1.7.tgz#0babca538e8d4ee4a0f8988d68866537a003cf42"
  integrity sha1-C6vKU46NTuSg+JiNaIZlN6ADz0I=
  dependencies:
    inherits "^2.0.3"
    minimalistic-assert "^1.0.1"

hmac-drbg@^1.0.1:
  version "1.0.1"
  resolved "https://registry.npm.taobao.org/hmac-drbg/download/hmac-drbg-1.0.1.tgz#d2745701025a6c775a6c545793ed502fc0c649a1"
  integrity sha1-0nRXAQJabHdabFRXk+1QL8DGSaE=
  dependencies:
    hash.js "^1.0.3"
    minimalistic-assert "^1.0.0"
    minimalistic-crypto-utils "^1.0.1"

ieee754@^1.1.13, ieee754@^1.2.1:
  version "1.2.1"
  resolved "https://registry.nlark.com/ieee754/download/ieee754-1.2.1.tgz#8eb7a10a63fff25d15a57b001586d177d1b0d352"
  integrity sha1-jrehCmP/8l0VpXsAFYbRd9Gw01I=

inherits@^2.0.1, inherits@^2.0.3, inherits@^2.0.4:
  version "2.0.4"
  resolved "https://registry.npm.taobao.org/inherits/download/inherits-2.0.4.tgz#0fa2c64f932917c3433a0ded55363aae37416b7c"
  integrity sha1-D6LGT5MpF8NDOg3tVTY6rjdBa3w=

ip-regex@^4.3.0:
  version "4.3.0"
  resolved "https://registry.npm.taobao.org/ip-regex/download/ip-regex-4.3.0.tgz?cache=0&sync_timestamp=1611327032630&other_urls=https%3A%2F%2Fregistry.npm.taobao.org%2Fip-regex%2Fdownload%2Fip-regex-4.3.0.tgz#687275ab0f57fa76978ff8f4dddc8a23d5990db5"
  integrity sha1-aHJ1qw9X+naXj/j03dyKI9WZDbU=

is-core-module@^2.2.0:
  version "2.7.0"
  resolved "https://registry.npmmirror.com/is-core-module/download/is-core-module-2.7.0.tgz#3c0ef7d31b4acfc574f80c58409d568a836848e3"
  integrity sha1-PA730xtKz8V0+AxYQJ1WioNoSOM=
  dependencies:
    has "^1.0.3"

js-sha3@0.5.7:
  version "0.5.7"
  resolved "https://registry.npm.taobao.org/js-sha3/download/js-sha3-0.5.7.tgz#0d4ffd8002d5333aabaf4a23eed2f6374c9f28e7"
  integrity sha1-DU/9gALVMzqrr0oj7tL2N0yfKOc=

js-sha3@^0.8.0:
  version "0.8.0"
  resolved "https://registry.npm.taobao.org/js-sha3/download/js-sha3-0.8.0.tgz#b9b7a5da73afad7dedd0f8c463954cbde6818840"
  integrity sha1-ubel2nOvrX3t0PjEY5VMveaBiEA=

md5.js@^1.3.4:
  version "1.3.5"
  resolved "https://registry.npm.taobao.org/md5.js/download/md5.js-1.3.5.tgz#b5d07b8e3216e3e27cd728d72f70d1e6a342005f"
  integrity sha1-tdB7jjIW4+J81yjXL3DR5qNCAF8=
  dependencies:
    hash-base "^3.0.0"
    inherits "^2.0.1"
    safe-buffer "^5.1.2"

minimalistic-assert@^1.0.0, minimalistic-assert@^1.0.1:
  version "1.0.1"
  resolved "https://registry.npm.taobao.org/minimalistic-assert/download/minimalistic-assert-1.0.1.tgz#2e194de044626d4a10e7f7fbc00ce73e83e4d5c7"
  integrity sha1-LhlN4ERibUoQ5/f7wAznPoPk1cc=

minimalistic-crypto-utils@^1.0.1:
  version "1.0.1"
  resolved "https://registry.npm.taobao.org/minimalistic-crypto-utils/download/minimalistic-crypto-utils-1.0.1.tgz#f6c00c1c0b082246e5c4d99dfb8c7c083b2b582a"
  integrity sha1-9sAMHAsIIkblxNmd+4x8CDsrWCo=

multibase@^0.7.0:
  version "0.7.0"
  resolved "https://registry.nlark.com/multibase/download/multibase-0.7.0.tgz#1adfc1c50abe05eefeb5091ac0c2728d6b84581b"
  integrity sha1-Gt/BxQq+Be7+tQkawMJyjWuEWBs=
  dependencies:
    base-x "^3.0.8"
    buffer "^5.5.0"

multibase@~0.6.0:
  version "0.6.1"
  resolved "https://registry.nlark.com/multibase/download/multibase-0.6.1.tgz#b76df6298536cc17b9f6a6db53ec88f85f8cc12b"
  integrity sha1-t232KYU2zBe59qbbU+yI+F+MwSs=
  dependencies:
    base-x "^3.0.8"
    buffer "^5.5.0"

multicodec@^0.5.5:
  version "0.5.7"
  resolved "https://registry.nlark.com/multicodec/download/multicodec-0.5.7.tgz#1fb3f9dd866a10a55d226e194abba2dcc1ee9ffd"
  integrity sha1-H7P53YZqEKVdIm4ZSrui3MHun/0=
  dependencies:
    varint "^5.0.0"

multicodec@^1.0.0:
  version "1.0.4"
  resolved "https://registry.nlark.com/multicodec/download/multicodec-1.0.4.tgz#46ac064657c40380c28367c90304d8ed175a714f"
  integrity sha1-RqwGRlfEA4DCg2fJAwTY7RdacU8=
  dependencies:
    buffer "^5.6.0"
    varint "^5.0.0"

multihashes@^0.4.15, multihashes@~0.4.15:
  version "0.4.21"
  resolved "https://registry.nlark.com/multihashes/download/multihashes-0.4.21.tgz?cache=0&sync_timestamp=1629813284696&other_urls=https%3A%2F%2Fregistry.nlark.com%2Fmultihashes%2Fdownload%2Fmultihashes-0.4.21.tgz#dc02d525579f334a7909ade8a122dabb58ccfcb5"
  integrity sha1-3ALVJVefM0p5Ca3ooSLau1jM/LU=
  dependencies:
    buffer "^5.5.0"
    multibase "^0.7.0"
    varint "^5.0.0"

nanoid@^3.1.28:
  version "3.1.30"
  resolved "https://registry.npmmirror.com/nanoid/download/nanoid-3.1.30.tgz?cache=0&other_urls=https%3A%2F%2Fregistry.npmmirror.com%2Fnanoid%2Fdownload%2Fnanoid-3.1.30.tgz#63f93cc548d2a113dc5dfbc63bfa09e2b9b64362"
  integrity sha1-Y/k8xUjSoRPcXfvGO/oJ4rm2Q2I=

path-parse@^1.0.6:
  version "1.0.7"
  resolved "https://registry.nlark.com/path-parse/download/path-parse-1.0.7.tgz#fbc114b60ca42b30d9daf5858e4bd68bbedb6735"
  integrity sha1-+8EUtgykKzDZ2vWFjkvWi77bZzU=

picocolors@^0.2.1:
  version "0.2.1"
  resolved "https://registry.npmmirror.com/picocolors/download/picocolors-0.2.1.tgz?cache=0&other_urls=https%3A%2F%2Fregistry.npmmirror.com%2Fpicocolors%2Fdownload%2Fpicocolors-0.2.1.tgz#570670f793646851d1ba135996962abad587859f"
  integrity sha1-VwZw95NkaFHRuhNZlpYqutWHhZ8=

postcss@^8.3.8:
  version "8.3.9"
  resolved "https://registry.npmmirror.com/postcss/download/postcss-8.3.9.tgz#98754caa06c4ee9eb59cc48bd073bb6bd3437c31"
  integrity sha1-mHVMqgbE7p61nMSL0HO7a9NDfDE=
  dependencies:
    nanoid "^3.1.28"
    picocolors "^0.2.1"
    source-map-js "^0.6.2"

readable-stream@^3.6.0:
  version "3.6.0"
  resolved "https://registry.nlark.com/readable-stream/download/readable-stream-3.6.0.tgz#337bbda3adc0706bd3e024426a286d4b4b2c9198"
  integrity sha1-M3u9o63AcGvT4CRCaihtS0sskZg=
  dependencies:
    inherits "^2.0.3"
    string_decoder "^1.1.1"
    util-deprecate "^1.0.1"

regenerator-runtime@^0.13.4:
  version "0.13.9"
  resolved "https://registry.nlark.com/regenerator-runtime/download/regenerator-runtime-0.13.9.tgz?cache=0&other_urls=https%3A%2F%2Fregistry.nlark.com%2Fregenerator-runtime%2Fdownload%2Fregenerator-runtime-0.13.9.tgz#8925742a98ffd90814988d7566ad30ca3b263b52"
  integrity sha1-iSV0Kpj/2QgUmI11Zq0wyjsmO1I=

resolve@^1.20.0:
  version "1.20.0"
  resolved "https://registry.npm.taobao.org/resolve/download/resolve-1.20.0.tgz?cache=0&sync_timestamp=1613055280179&other_urls=https%3A%2F%2Fregistry.npm.taobao.org%2Fresolve%2Fdownload%2Fresolve-1.20.0.tgz#629a013fb3f70755d6f0b7935cc1c2c5378b1975"
  integrity sha1-YpoBP7P3B1XW8LeTXMHCxTeLGXU=
  dependencies:
    is-core-module "^2.2.0"
    path-parse "^1.0.6"

ripemd160@^2.0.1:
  version "2.0.2"
  resolved "https://registry.npm.taobao.org/ripemd160/download/ripemd160-2.0.2.tgz#a1c1a6f624751577ba5d07914cbc92850585890c"
  integrity sha1-ocGm9iR1FXe6XQeRTLyShQWFiQw=
  dependencies:
    hash-base "^3.0.0"
    inherits "^2.0.1"

rollup@^2.57.0:
  version "2.58.0"
  resolved "https://registry.npmmirror.com/rollup/download/rollup-2.58.0.tgz?cache=0&sync_timestamp=1633071808909&other_urls=https%3A%2F%2Fregistry.npmmirror.com%2Frollup%2Fdownload%2Frollup-2.58.0.tgz#a643983365e7bf7f5b7c62a8331b983b7c4c67fb"
  integrity sha1-pkOYM2Xnv39bfGKoMxuYO3xMZ/s=
  optionalDependencies:
    fsevents "~2.3.2"

safe-buffer@^5.0.1, safe-buffer@^5.1.2, safe-buffer@^5.2.0, safe-buffer@~5.2.0:
  version "5.2.1"
  resolved "https://registry.npm.taobao.org/safe-buffer/download/safe-buffer-5.2.1.tgz#1eaf9fa9bdb1fdd4ec75f58f9cdb4e6b7827eec6"
  integrity sha1-Hq+fqb2x/dTsdfWPnNtOa3gn7sY=

scrypt-js@3.0.1:
  version "3.0.1"
  resolved "https://registry.nlark.com/scrypt-js/download/scrypt-js-3.0.1.tgz#d314a57c2aef69d1ad98a138a21fe9eafa9ee312"
  integrity sha1-0xSlfCrvadGtmKE4oh/p6vqe4xI=

scryptsy@^2.1.0:
  version "2.1.0"
  resolved "https://registry.nlark.com/scryptsy/download/scryptsy-2.1.0.tgz?cache=0&sync_timestamp=1624607953167&other_urls=https%3A%2F%2Fregistry.nlark.com%2Fscryptsy%2Fdownload%2Fscryptsy-2.1.0.tgz#8d1e8d0c025b58fdd25b6fa9a0dc905ee8faa790"
  integrity sha1-jR6NDAJbWP3SW2+poNyQXuj6p5A=

sha.js@^2.4.0:
  version "2.4.11"
  resolved "https://registry.npm.taobao.org/sha.js/download/sha.js-2.4.11.tgz#37a5cf0b81ecbc6943de109ba2960d1b26584ae7"
  integrity sha1-N6XPC4HsvGlD3hCbopYNGyZYSuc=
  dependencies:
    inherits "^2.0.1"
    safe-buffer "^5.0.1"

source-map-js@^0.6.2:
  version "0.6.2"
  resolved "https://registry.npm.taobao.org/source-map-js/download/source-map-js-0.6.2.tgz#0bb5de631b41cfbda6cfba8bd05a80efdfd2385e"
  integrity sha1-C7XeYxtBz72mz7qL0FqA79/SOF4=

string_decoder@^1.1.1:
  version "1.3.0"
  resolved "https://registry.npm.taobao.org/string_decoder/download/string_decoder-1.3.0.tgz#42f114594a46cf1a8e30b0a84f56c78c3edac21e"
  integrity sha1-QvEUWUpGzxqOMLCoT1bHjD7awh4=
  dependencies:
    safe-buffer "~5.2.0"

tweetnacl@1.x.x, tweetnacl@^1.0.3:
  version "1.0.3"
  resolved "https://registry.npm.taobao.org/tweetnacl/download/tweetnacl-1.0.3.tgz?cache=0&sync_timestamp=1589682745749&other_urls=https%3A%2F%2Fregistry.npm.taobao.org%2Ftweetnacl%2Fdownload%2Ftweetnacl-1.0.3.tgz#ac0af71680458d8a6378d0d0d050ab1407d35596"
  integrity sha1-rAr3FoBFjYpjeNDQ0FCrFAfTVZY=

typescript@^4.3.2:
  version "4.4.4"
  resolved "https://registry.npmmirror.com/typescript/download/typescript-4.4.4.tgz?cache=0&sync_timestamp=1634196205373&other_urls=https%3A%2F%2Fregistry.npmmirror.com%2Ftypescript%2Fdownload%2Ftypescript-4.4.4.tgz#2cd01a1a1f160704d3101fd5a58ff0f9fcb8030c"
  integrity sha1-LNAaGh8WBwTTEB/VpY/w+fy4Aww=

util-deprecate@^1.0.1:
  version "1.0.2"
  resolved "https://registry.npm.taobao.org/util-deprecate/download/util-deprecate-1.0.2.tgz?cache=0&other_urls=https%3A%2F%2Fregistry.npm.taobao.org%2Futil-deprecate%2Fdownload%2Futil-deprecate-1.0.2.tgz#450d4dc9fa70de732762fbd2d4a28981419a0ccf"
  integrity sha1-RQ1Nyfpw3nMnYvvS1KKJgUGaDM8=

varint@^5.0.0:
  version "5.0.2"
  resolved "https://registry.nlark.com/varint/download/varint-5.0.2.tgz#5b47f8a947eb668b848e034dcfa87d0ff8a7f7a4"
  integrity sha1-W0f4qUfrZouEjgNNz6h9D/in96Q=

vite@^2.6.0:
  version "2.6.7"
  resolved "https://registry.npmmirror.com/vite/download/vite-2.6.7.tgz#e15c1d8327950720b5d7c4ec3fb36a5a58ccf7cb"
  integrity sha1-4VwdgyeVByC118TsP7NqWljM98s=
  dependencies:
    esbuild "^0.13.2"
    postcss "^8.3.8"
    resolve "^1.20.0"
    rollup "^2.57.0"
  optionalDependencies:
    fsevents "~2.3.2"

ws@7.4.6:
  version "7.4.6"
  resolved "https://registry.npmmirror.com/ws/download/ws-7.4.6.tgz?cache=0&sync_timestamp=1633200058938&other_urls=https%3A%2F%2Fregistry.npmmirror.com%2Fws%2Fdownload%2Fws-7.4.6.tgz#5654ca8ecdeee47c33a9a4bf6d28e2be2980377c"
  integrity sha1-VlTKjs3u5HwzqaS/bSjivimAN3w=

ws@>=7.4.6:
  version "8.2.3"
  resolved "https://registry.npmmirror.com/ws/download/ws-8.2.3.tgz?cache=0&sync_timestamp=1633200058938&other_urls=https%3A%2F%2Fregistry.npmmirror.com%2Fws%2Fdownload%2Fws-8.2.3.tgz#63a56456db1b04367d0b721a0b80cae6d8becbba"
  integrity sha1-Y6VkVtsbBDZ9C3IaC4DK5ti+y7o=

xxhashjs@^0.2.2:
  version "0.2.2"
  resolved "https://registry.nlark.com/xxhashjs/download/xxhashjs-0.2.2.tgz?cache=0&sync_timestamp=1624607954808&other_urls=https%3A%2F%2Fregistry.nlark.com%2Fxxhashjs%2Fdownload%2Fxxhashjs-0.2.2.tgz#8a6251567621a1c46a5ae204da0249c7f8caa9d8"
  integrity sha1-imJRVnYhocRqWuIE2gJJx/jKqdg=
  dependencies:
    cuint "^0.2.2"
